
Microsoft Visual Studio Solution File, Format Version 12.00
# Visual Studio Version 17
VisualStudioVersion = 17.1.32228.430
MinimumVisualStudioVersion = 10.0.40219.1
Project("{2150E333-8FDC-42A3-9474-1A3956D46DE8}") = "src", "src", "{672FEA18-F072-4549-9C4C-DBD1F9CDC7BB}"
EndProject
Project("{2150E333-8FDC-42A3-9474-1A3956D46DE8}") = "_", "_", "{E9754587-13F5-4E3A-9F3F-71C98EF97990}"
	ProjectSection(SolutionItems) = preProject
		.gitignore = .gitignore
		Changelog.md = Changelog.md
		delete_all_bin_and_obj.cmd = delete_all_bin_and_obj.cmd
		Directory.Build.props = Directory.Build.props
		Directory.Build.targets = Directory.Build.targets
		.github\workflows\dotnet.yml = .github\workflows\dotnet.yml
		LICENSE.txt = LICENSE.txt
		.github\workflows\nuget.yml = .github\workflows\nuget.yml
		README.md = README.md
	EndProjectSection
EndProject
Project("{2150E333-8FDC-42A3-9474-1A3956D46DE8}") = "test", "test", "{73FCFCF4-3A1C-4D4D-939A-9CABDC2341DC}"
EndProject
Project("{9A19103F-16F7-4668-BE54-9A1E7A4F7556}") = "WeixinOpen", "src\WeixinOpen\WeixinOpen.csproj", "{C68C8D63-7FBA-4BE2-B929-C2B00A59C5A6}"
EndProject
Project("{9A19103F-16F7-4668-BE54-9A1E7A4F7556}") = "WeixinOpen.UnitTest_3.1.x", "test\WeixinOpen.UnitTest_3_1\WeixinOpen.UnitTest_3.1.x.csproj", "{199BC659-BFC7-4B77-B053-5FD2EE4D53DE}"
EndProject
Project("{9A19103F-16F7-4668-BE54-9A1E7A4F7556}") = "WeixinOpen.UnitTest_6.0.x", "test\WeixinOpen.UnitTest_6_0\WeixinOpen.UnitTest_6.0.x.csproj", "{8BAA1667-F949-4E5B-A794-DDA15DA2C0A1}"
EndProject
Project("{9A19103F-16F7-4668-BE54-9A1E7A4F7556}") = "WeixinOpen.UnitTest_7.0.x", "test\WeixinOpen.UnitTest_7_0\WeixinOpen.UnitTest_7.0.x.csproj", "{1D18D600-3F30-4C24-8D65-3ADFCA3396CF}"
EndProject
Project("{FAE04EC0-301F-11D3-BF4B-00C04F79EFBC}") = "WeixinOpen.UnitTest_8.0.x", "test\WeixinOpen.UnitTest_8_0\WeixinOpen.UnitTest_8.0.x.csproj", "{855779BA-02F3-4F8E-823F-045F8418E873}"
EndProject
Project("{FAE04EC0-301F-11D3-BF4B-00C04F79EFBC}") = "WeixinOpen.UnitTest_5.0.x", "test\WeixinOpen.UnitTest_5_0\WeixinOpen.UnitTest_5.0.x.csproj", "{EB89A855-18C6-4890-B5CF-0A43054875AA}"
EndProject
Global
	GlobalSection(SolutionConfigurationPlatforms) = preSolution
		Debug|Any CPU = Debug|Any CPU
		Release|Any CPU = Release|Any CPU
	EndGlobalSection
	GlobalSection(ProjectConfigurationPlatforms) = postSolution
		{C68C8D63-7FBA-4BE2-B929-C2B00A59C5A6}.Debug|Any CPU.ActiveCfg = Debug|Any CPU
		{C68C8D63-7FBA-4BE2-B929-C2B00A59C5A6}.Debug|Any CPU.Build.0 = Debug|Any CPU
		{C68C8D63-7FBA-4BE2-B929-C2B00A59C5A6}.Release|Any CPU.ActiveCfg = Release|Any CPU
		{C68C8D63-7FBA-4BE2-B929-C2B00A59C5A6}.Release|Any CPU.Build.0 = Release|Any CPU
		{199BC659-BFC7-4B77-B053-5FD2EE4D53DE}.Debug|Any CPU.ActiveCfg = Debug|Any CPU
		{199BC659-BFC7-4B77-B053-5FD2EE4D53DE}.Debug|Any CPU.Build.0 = Debug|Any CPU
		{199BC659-BFC7-4B77-B053-5FD2EE4D53DE}.Release|Any CPU.ActiveCfg = Release|Any CPU
		{199BC659-BFC7-4B77-B053-5FD2EE4D53DE}.Release|Any CPU.Build.0 = Release|Any CPU
		{8BAA1667-F949-4E5B-A794-DDA15DA2C0A1}.Debug|Any CPU.ActiveCfg = Debug|Any CPU
		{8BAA1667-F949-4E5B-A794-DDA15DA2C0A1}.Debug|Any CPU.Build.0 = Debug|Any CPU
		{8BAA1667-F949-4E5B-A794-DDA15DA2C0A1}.Release|Any CPU.ActiveCfg = Release|Any CPU
		{8BAA1667-F949-4E5B-A794-DDA15DA2C0A1}.Release|Any CPU.Build.0 = Release|Any CPU
		{1D18D600-3F30-4C24-8D65-3ADFCA3396CF}.Debug|Any CPU.ActiveCfg = Debug|Any CPU
		{1D18D600-3F30-4C24-8D65-3ADFCA3396CF}.Debug|Any CPU.Build.0 = Debug|Any CPU
		{1D18D600-3F30-4C24-8D65-3ADFCA3396CF}.Release|Any CPU.ActiveCfg = Release|Any CPU
		{1D18D600-3F30-4C24-8D65-3ADFCA3396CF}.Release|Any CPU.Build.0 = Release|Any CPU
		{855779BA-02F3-4F8E-823F-045F8418E873}.Debug|Any CPU.ActiveCfg = Debug|Any CPU
		{855779BA-02F3-4F8E-823F-045F8418E873}.Debug|Any CPU.Build.0 = Debug|Any CPU
		{855779BA-02F3-4F8E-823F-045F8418E873}.Release|Any CPU.ActiveCfg = Release|Any CPU
		{855779BA-02F3-4F8E-823F-045F8418E873}.Release|Any CPU.Build.0 = Release|Any CPU
		{EB89A855-18C6-4890-B5CF-0A43054875AA}.Debug|Any CPU.ActiveCfg = Debug|Any CPU
		{EB89A855-18C6-4890-B5CF-0A43054875AA}.Debug|Any CPU.Build.0 = Debug|Any CPU
		{EB89A855-18C6-4890-B5CF-0A43054875AA}.Release|Any CPU.ActiveCfg = Release|Any CPU
		{EB89A855-18C6-4890-B5CF-0A43054875AA}.Release|Any CPU.Build.0 = Release|Any CPU
	EndGlobalSection
	GlobalSection(SolutionProperties) = preSolution
		HideSolutionNode = FALSE
	EndGlobalSection
	GlobalSection(NestedProjects) = preSolution
		{C68C8D63-7FBA-4BE2-B929-C2B00A59C5A6} = {672FEA18-F072-4549-9C4C-DBD1F9CDC7BB}
		{199BC659-BFC7-4B77-B053-5FD2EE4D53DE} = {73FCFCF4-3A1C-4D4D-939A-9CABDC2341DC}
		{8BAA1667-F949-4E5B-A794-DDA15DA2C0A1} = {73FCFCF4-3A1C-4D4D-939A-9CABDC2341DC}
		{1D18D600-3F30-4C24-8D65-3ADFCA3396CF} = {73FCFCF4-3A1C-4D4D-939A-9CABDC2341DC}
		{855779BA-02F3-4F8E-823F-045F8418E873} = {73FCFCF4-3A1C-4D4D-939A-9CABDC2341DC}
		{EB89A855-18C6-4890-B5CF-0A43054875AA} = {73FCFCF4-3A1C-4D4D-939A-9CABDC2341DC}
	EndGlobalSection
	GlobalSection(ExtensibilityGlobals) = postSolution
		SolutionGuid = {2AEDFD1F-BBE1-4727-9978-2FB04DCE84AF}
	EndGlobalSection
EndGlobal
